// !$*UTF8*$!
{
	archiveVersion = 1;
	classes = {
	};
	objectVersion = 77;
	objects = {

/* Begin PBXBuildFile section */
		15E0010A2E0B109000ABCDEF /* CoreWidgets.appex in Embed App Extensions */ = {isa = PBXBuildFile; fileRef = 15E001002E0B100000ABCDEF /* CoreWidgets.appex */; };
/* End PBXBuildFile section */

/* Begin PBXContainerItemProxy section */
		15BD9C8B2E0AE96B00AD4724 /* PBXContainerItemProxy */ = {
			isa = PBXContainerItemProxy;
			containerPortal = 15BD9C712E0AE96800AD4724 /* Project object */;
			proxyType = 1;
			remoteGlobalIDString = 15BD9C782E0AE96800AD4724;
			remoteInfo = selfManager;
		};
		15BD9C952E0AE96B00AD4724 /* PBXContainerItemProxy */ = {
			isa = PBXContainerItemProxy;
			containerPortal = 15BD9C712E0AE96800AD4724 /* Project object */;
			proxyType = 1;
			remoteGlobalIDString = 15BD9C782E0AE96800AD4724;
			remoteInfo = selfManager;
		};
/* End PBXContainerItemProxy section */

/* Begin PBXCopyFilesBuildPhase section */
		15E001092E0B108000ABCDEF /* Embed App Extensions */ = {
			isa = PBXCopyFilesBuildPhase;
			buildActionMask = 2147483647;
			dstPath = "";
			dstSubfolderSpec = 13;
			files = (
				15E0010A2E0B109000ABCDEF /* CoreWidgets.appex in Embed App Extensions */,
			);
			name = "Embed App Extensions";
			runOnlyForDeploymentPostprocessing = 0;
		};
/* End PBXCopyFilesBuildPhase section */

/* Begin PBXFileReference section */
		15BD9C792E0AE96800AD4724 /* selfManager.app */ = {isa = PBXFileReference; explicitFileType = wrapper.application; includeInIndex = 0; path = selfManager.app; sourceTree = BUILT_PRODUCTS_DIR; };
		15BD9C8A2E0AE96B00AD4724 /* selfManagerTests.xctest */ = {isa = PBXFileReference; explicitFileType = wrapper.cfbundle; includeInIndex = 0; path = selfManagerTests.xctest; sourceTree = BUILT_PRODUCTS_DIR; };
		15BD9C942E0AE96B00AD4724 /* selfManagerUITests.xctest */ = {isa = PBXFileReference; explicitFileType = wrapper.cfbundle; includeInIndex = 0; path = selfManagerUITests.xctest; sourceTree = BUILT_PRODUCTS_DIR; };
		15E001002E0B100000ABCDEF /* CoreWidgets.appex */ = {isa = PBXFileReference; explicitFileType = "wrapper.app-extension"; includeInIndex = 0; path = CoreWidgets.appex; sourceTree = BUILT_PRODUCTS_DIR; };
/* End PBXFileReference section */

/* Begin PBXFileSystemSynchronizedBuildFileExceptionSet section */
		15BD9C9C2E0AE96B00AD4724 /* Exceptions for "selfManager" folder in "selfManager" target */ = {
			isa = PBXFileSystemSynchronizedBuildFileExceptionSet;
			membershipExceptions = (
				Info.plist,
				Widgets/CoreWidgets.swift,
				Widgets/Info.plist,
			);
			target = 15BD9C782E0AE96800AD4724 /* selfManager */;
		};
		15E0010B2E0B10A000ABCDEF /* Exceptions for "selfManager/Widgets" folder in "CoreWidgets" target */ = {
			isa = PBXFileSystemSynchronizedBuildFileExceptionSet;
			membershipExceptions = (
				Info.plist,
			);
			target = 15E001022E0B104000ABCDEF /* CoreWidgets */;
		};
/* End PBXFileSystemSynchronizedBuildFileExceptionSet section */

/* Begin PBXFileSystemSynchronizedRootGroup section */
		15BD9C7B2E0AE96800AD4724 /* selfManager */ = {
			isa = PBXFileSystemSynchronizedRootGroup;
			exceptions = (
				15BD9C9C2E0AE96B00AD4724 /* Exceptions for "selfManager" folder in "selfManager" target */,
			);
			path = selfManager;
			sourceTree = "<group>";
		};
		15BD9C8D2E0AE96B00AD4724 /* selfManagerTests */ = {
			isa = PBXFileSystemSynchronizedRootGroup;
			path = selfManagerTests;
			sourceTree = "<group>";
		};
		15BD9C972E0AE96B00AD4724 /* selfManagerUITests */ = {
			isa = PBXFileSystemSynchronizedRootGroup;
			path = selfManagerUITests;
			sourceTree = "<group>";
		};
		15E001012E0B102000ABCDEF /* selfManager/Widgets */ = {
			isa = PBXFileSystemSynchronizedRootGroup;
			exceptions = (
				15E0010B2E0B10A000ABCDEF /* Exceptions for "selfManager/Widgets" folder in "CoreWidgets" target */,
			);
			path = selfManager/Widgets;
			sourceTree = "<group>";
		};
/* End PBXFileSystemSynchronizedRootGroup section */

/* Begin PBXFrameworksBuildPhase section */
		15BD9C762E0AE96800AD4724 /* Frameworks */ = {
			isa = PBXFrameworksBuildPhase;
			buildActionMask = 2147483647;
			files = (
			);
			runOnlyForDeploymentPostprocessing = 0;
		};
		15BD9C872E0AE96B00AD4724 /* Frameworks */ = {
			isa = PBXFrameworksBuildPhase;
			buildActionMask = 2147483647;
			files = (
			);
			runOnlyForDeploymentPostprocessing = 0;
		};
		15BD9C912E0AE96B00AD4724 /* Frameworks */ = {
			isa = PBXFrameworksBuildPhase;
			buildActionMask = 2147483647;
			files = (
			);
			runOnlyForDeploymentPostprocessing = 0;
		};
		15E001042E0B105000ABCDEF /* Frameworks */ = {
			isa = PBXFrameworksBuildPhase;
			buildActionMask = 2147483647;
			files = (
			);
			runOnlyForDeploymentPostprocessing = 0;
		};
/* End PBXFrameworksBuildPhase section */

/* Begin PBXGroup section */
		15BD9C702E0AE96800AD4724 = {
			isa = PBXGroup;
			children = (
				15BD9C7B2E0AE96800AD4724 /* selfManager */,
				15E001012E0B102000ABCDEF /* selfManager/Widgets */,
				15BD9C8D2E0AE96B00AD4724 /* selfManagerTests */,
				15BD9C972E0AE96B00AD4724 /* selfManagerUITests */,
				15BD9C7A2E0AE96800AD4724 /* Products */,
			);
			sourceTree = "<group>";
		};
		15BD9C7A2E0AE96800AD4724 /* Products */ = {
			isa = PBXGroup;
			children = (
				15BD9C792E0AE96800AD4724 /* selfManager.app */,
				15BD9C8A2E0AE96B00AD4724 /* selfManagerTests.xctest */,
				15BD9C942E0AE96B00AD4724 /* selfManagerUITests.xctest */,
				15E001002E0B100000ABCDEF /* CoreWidgets.appex */,
			);
			name = Products;
			sourceTree = "<group>";
		};
/* End PBXGroup section */

/* Begin PBXNativeTarget section */
		15BD9C782E0AE96800AD4724 /* selfManager */ = {
			isa = PBXNativeTarget;
			buildConfigurationList = 15BD9C9D2E0AE96B00AD4724 /* Build configuration list for PBXNativeTarget "selfManager" */;
			buildPhases = (
				15BD9C752E0AE96800AD4724 /* Sources */,
				15BD9C762E0AE96800AD4724 /* Frameworks */,
				15BD9C772E0AE96800AD4724 /* Resources */,
				15E001092E0B108000ABCDEF /* Embed App Extensions */,
			);
			buildRules = (
			);
			dependencies = (
			);
			fileSystemSynchronizedGroups = (
				15BD9C7B2E0AE96800AD4724 /* selfManager */,
			);
			name = selfManager;
			packageProductDependencies = (
			);
			productName = selfManager;
			productReference = 15BD9C792E0AE96800AD4724 /* selfManager.app */;
			productType = "com.apple.product-type.application";
		};
		15BD9C892E0AE96B00AD4724 /* selfManagerTests */ = {
			isa = PBXNativeTarget;
			buildConfigurationList = 15BD9CA22E0AE96B00AD4724 /* Build configuration list for PBXNativeTarget "selfManagerTests" */;
			buildPhases = (
				15BD9C862E0AE96B00AD4724 /* Sources */,
				15BD9C872E0AE96B00AD4724 /* Frameworks */,
				15BD9C882E0AE96B00AD4724 /* Resources */,
			);
			buildRules = (
			);
			dependencies = (
				15BD9C8C2E0AE96B00AD4724 /* PBXTargetDependency */,
			);
			fileSystemSynchronizedGroups = (
				15BD9C8D2E0AE96B00AD4724 /* selfManagerTests */,
			);
			name = selfManagerTests;
			packageProductDependencies = (
			);
			productName = selfManagerTests;
			productReference = 15BD9C8A2E0AE96B00AD4724 /* selfManagerTests.xctest */;
			productType = "com.apple.product-type.bundle.unit-test";
		};
		15BD9C932E0AE96B00AD4724 /* selfManagerUITests */ = {
			isa = PBXNativeTarget;
			buildConfigurationList = 15BD9CA52E0AE96B00AD4724 /* Build configuration list for PBXNativeTarget "selfManagerUITests" */;
			buildPhases = (
				15BD9C902E0AE96B00AD4724 /* Sources */,
				15BD9C912E0AE96B00AD4724 /* Frameworks */,
				15BD9C922E0AE96B00AD4724 /* Resources */,
			);
			buildRules = (
			);
			dependencies = (
				15BD9C962E0AE96B00AD4724 /* PBXTargetDependency */,
			);
			fileSystemSynchronizedGroups = (
				15BD9C972E0AE96B00AD4724 /* selfManagerUITests */,
			);
			name = selfManagerUITests;
			packageProductDependencies = (
			);
			productName = selfManagerUITests;
			productReference = 15BD9C942E0AE96B00AD4724 /* selfManagerUITests.xctest */;
			productType = "com.apple.product-type.bundle.ui-testing";
		};
		15E001022E0B104000ABCDEF /* CoreWidgets */ = {
			isa = PBXNativeTarget;
			buildConfigurationList = 15E001062E0B106000ABCDEF /* Build configuration list for PBXNativeTarget "CoreWidgets" */;
			buildPhases = (
				15E001032E0B105000ABCDEF /* Sources */,
				15E001042E0B105000ABCDEF /* Frameworks */,
				15E001052E0B105000ABCDEF /* Resources */,
			);
			buildRules = (
			);
			dependencies = (
			);
			fileSystemSynchronizedGroups = (
				15E001012E0B102000ABCDEF /* selfManager/Widgets */,
			);
			name = CoreWidgets;
			productName = CoreWidgets;
			productReference = 15E001002E0B100000ABCDEF /* CoreWidgets.appex */;
			productType = "com.apple.product-type.app-extension";
		};
/* End PBXNativeTarget section */

/* Begin PBXProject section */
		15BD9C712E0AE96800AD4724 /* Project object */ = {
			isa = PBXProject;
			attributes = {
				LastSwiftUpdateCheck = 1640;
				LastUpgradeCheck = 1640;
				TargetAttributes = {
					15BD9C782E0AE96800AD4724 = {
						CreatedOnToolsVersion = 16.4;
					};
					15BD9C892E0AE96B00AD4724 = {
						CreatedOnToolsVersion = 16.4;
						TestTargetID = 15BD9C782E0AE96800AD4724;
					};
					15BD9C932E0AE96B00AD4724 = {
						CreatedOnToolsVersion = 16.4;
						TestTargetID = 15BD9C782E0AE96800AD4724;
					};
				};
			};
			buildConfigurationList = 15BD9C742E0AE96800AD4724 /* Build configuration list for PBXProject "selfManager" */;
			developmentRegion = en;
			hasScannedForEncodings = 0;
			knownRegions = (
				en,
				Base,
			);
			mainGroup = 15BD9C702E0AE96800AD4724;
			minimizedProjectReferenceProxies = 1;
			preferredProjectObjectVersion = 77;
			productRefGroup = 15BD9C7A2E0AE96800AD4724 /* Products */;
			projectDirPath = "";
			projectRoot = "";
			targets = (
				15BD9C782E0AE96800AD4724 /* selfManager */,
				15BD9C892E0AE96B00AD4724 /* selfManagerTests */,
				15BD9C932E0AE96B00AD4724 /* selfManagerUITests */,
				15E001022E0B104000ABCDEF /* CoreWidgets */,
			);
		};
/* End PBXProject section */

/* Begin PBXResourcesBuildPhase section */
		15BD9C772E0AE96800AD4724 /* Resources */ = {
			isa = PBXResourcesBuildPhase;
			buildActionMask = 2147483647;
			files = (
			);
			runOnlyForDeploymentPostprocessing = 0;
		};
		15BD9C882E0AE96B00AD4724 /* Resources */ = {
			isa = PBXResourcesBuildPhase;
			buildActionMask = 2147483647;
			files = (
			);
			runOnlyForDeploymentPostprocessing = 0;
		};
		15BD9C922E0AE96B00AD4724 /* Resources */ = {
			isa = PBXResourcesBuildPhase;
			buildActionMask = 2147483647;
			files = (
			);
			runOnlyForDeploymentPostprocessing = 0;
		};
		15E001052E0B105000ABCDEF /* Resources */ = {
			isa = PBXResourcesBuildPhase;
			buildActionMask = 2147483647;
			files = (
			);
			runOnlyForDeploymentPostprocessing = 0;
		};
/* End PBXResourcesBuildPhase section */

/* Begin PBXSourcesBuildPhase section */
		15BD9C752E0AE96800AD4724 /* Sources */ = {
			isa = PBXSourcesBuildPhase;
			buildActionMask = 2147483647;
			files = (
			);
			runOnlyForDeploymentPostprocessing = 0;
		};
		15BD9C862E0AE96B00AD4724 /* Sources */ = {
			isa = PBXSourcesBuildPhase;
			buildActionMask = 2147483647;
			files = (
			);
			runOnlyForDeploymentPostprocessing = 0;
		};
		15BD9C902E0AE96B00AD4724 /* Sources */ = {
			isa = PBXSourcesBuildPhase;
			buildActionMask = 2147483647;
			files = (
			);
			runOnlyForDeploymentPostprocessing = 0;
		};
		15E001032E0B105000ABCDEF /* Sources */ = {
			isa = PBXSourcesBuildPhase;
			buildActionMask = 2147483647;
			files = (
			);
			runOnlyForDeploymentPostprocessing = 0;
		};
/* End PBXSourcesBuildPhase section */

/* Begin PBXTargetDependency section */
		15BD9C8C2E0AE96B00AD4724 /* PBXTargetDependency */ = {
			isa = PBXTargetDependency;
			target = 15BD9C782E0AE96800AD4724 /* selfManager */;
			targetProxy = 15BD9C8B2E0AE96B00AD4724 /* PBXContainerItemProxy */;
		};
		15BD9C962E0AE96B00AD4724 /* PBXTargetDependency */ = {
			isa = PBXTargetDependency;
			target = 15BD9C782E0AE96800AD4724 /* selfManager */;
			targetProxy = 15BD9C952E0AE96B00AD4724 /* PBXContainerItemProxy */;
		};
/* End PBXTargetDependency section */

/* Begin XCBuildConfiguration section */
		15BD9C9E2E0AE96B00AD4724 /* Debug */ = {
			isa = XCBuildConfiguration;
			buildSettings = {
				ASSETCATALOG_COMPILER_APPICON_NAME = AppIcon;
				ASSETCATALOG_COMPILER_GLOBAL_ACCENT_COLOR_NAME = AccentColor;
				CODE_SIGN_ENTITLEMENTS = selfManager/selfManager.entitlements;
				CODE_SIGN_STYLE = Automatic;
				CURRENT_PROJECT_VERSION = 2;
				DEVELOPMENT_TEAM = QKN584YXMF;
				ENABLE_PREVIEWS = YES;
				GENERATE_INFOPLIST_FILE = YES;
				INFOPLIST_FILE = selfManager/Info.plist;
				INFOPLIST_KEY_UIApplicationSceneManifest_Generation = YES;
				INFOPLIST_KEY_UIApplicationSupportsIndirectInputEvents = YES;
				INFOPLIST_KEY_UILaunchScreen_Generation = YES;
				INFOPLIST_KEY_UISupportedInterfaceOrientations_iPad = "UIInterfaceOrientationPortrait UIInterfaceOrientationPortraitUpsideDown UIInterfaceOrientationLandscapeLeft UIInterfaceOrientationLandscapeRight";
				INFOPLIST_KEY_UISupportedInterfaceOrientations_iPhone = "UIInterfaceOrientationPortrait UIInterfaceOrientationLandscapeLeft UIInterfaceOrientationLandscapeRight";
				LD_RUNPATH_SEARCH_PATHS = (
					"$(inherited)",
					"@executable_path/Frameworks",
				);
				MARKETING_VERSION = 1.1;
				PRODUCT_BUNDLE_IDENTIFIER = zack.selfManager;
				PRODUCT_NAME = "$(TARGET_NAME)";
				SWIFT_EMIT_LOC_STRINGS = YES;
				SWIFT_VERSION = 5.0;
				TARGETED_DEVICE_FAMILY = "1,2";
			};
			name = Debug;
		};
		15BD9C9F2E0AE96B00AD4724 /* Release */ = {
			isa = XCBuildConfiguration;
			buildSettings = {
				ASSETCATALOG_COMPILER_APPICON_NAME = AppIcon;
				ASSETCATALOG_COMPILER_GLOBAL_ACCENT_COLOR_NAME = AccentColor;
				CODE_SIGN_ENTITLEMENTS = selfManager/selfManager.entitlements;
				CODE_SIGN_STYLE = Automatic;
				CURRENT_PROJECT_VERSION = 2;
				DEVELOPMENT_TEAM = QKN584YXMF;
				ENABLE_PREVIEWS = YES;
				GENERATE_INFOPLIST_FILE = YES;
				INFOPLIST_FILE = selfManager/Info.plist;
				INFOPLIST_KEY_UIApplicationSceneManifest_Generation = YES;
				INFOPLIST_KEY_UIApplicationSupportsIndirectInputEvents = YES;
				INFOPLIST_KEY_UILaunchScreen_Generation = YES;
				INFOPLIST_KEY_UISupportedInterfaceOrientations_iPad = "UIInterfaceOrientationPortrait UIInterfaceOrientationPortraitUpsideDown UIInterfaceOrientationLandscapeLeft UIInterfaceOrientationLandscapeRight";
				INFOPLIST_KEY_UISupportedInterfaceOrientations_iPhone = "UIInterfaceOrientationPortrait UIInterfaceOrientationLandscapeLeft UIInterfaceOrientationLandscapeRight";
				LD_RUNPATH_SEARCH_PATHS = (
					"$(inherited)",
					"@executable_path/Frameworks",
				);
				MARKETING_VERSION = 1.1;
				PRODUCT_BUNDLE_IDENTIFIER = zack.selfManager;
				PRODUCT_NAME = "$(TARGET_NAME)";
				SWIFT_EMIT_LOC_STRINGS = YES;
				SWIFT_VERSION = 5.0;
				TARGETED_DEVICE_FAMILY = "1,2";
			};
			name = Release;
		};
		15BD9CA02E0AE96B00AD4724 /* Debug */ = {
			isa = XCBuildConfiguration;
			buildSettings = {
				ALWAYS_SEARCH_USER_PATHS = NO;
				ASSETCATALOG_COMPILER_GENERATE_SWIFT_ASSET_SYMBOL_EXTENSIONS = YES;
				CLANG_ANALYZER_NONNULL = YES;
				CLANG_ANALYZER_NUMBER_OBJECT_CONVERSION = YES_AGGRESSIVE;
				CLANG_CXX_LANGUAGE_STANDARD = "gnu++20";
				CLANG_ENABLE_MODULES = YES;
				CLANG_ENABLE_OBJC_ARC = YES;
				CLANG_ENABLE_OBJC_WEAK = YES;
				CLANG_WARN_BLOCK_CAPTURE_AUTORELEASING = YES;
				CLANG_WARN_BOOL_CONVERSION = YES;
				CLANG_WARN_COMMA = YES;
				CLANG_WARN_CONSTANT_CONVERSION = YES;
				CLANG_WARN_DEPRECATED_OBJC_IMPLEMENTATIONS = YES;
				CLANG_WARN_DIRECT_OBJC_ISA_USAGE = YES_ERROR;
				CLANG_WARN_DOCUMENTATION_COMMENTS = YES;
				CLANG_WARN_EMPTY_BODY = YES;
				CLANG_WARN_ENUM_CONVERSION = YES;
				CLANG_WARN_INFINITE_RECURSION = YES;
				CLANG_WARN_INT_CONVERSION = YES;
				CLANG_WARN_NON_LITERAL_NULL_CONVERSION = YES;
				CLANG_WARN_OBJC_IMPLICIT_RETAIN_SELF = YES;
				CLANG_WARN_OBJC_LITERAL_CONVERSION = YES;
				CLANG_WARN_OBJC_ROOT_CLASS = YES_ERROR;
				CLANG_WARN_QUOTED_INCLUDE_IN_FRAMEWORK_HEADER = YES;
				CLANG_WARN_RANGE_LOOP_ANALYSIS = YES;
				CLANG_WARN_STRICT_PROTOTYPES = YES;
				CLANG_WARN_SUSPICIOUS_MOVE = YES;
				CLANG_WARN_UNGUARDED_AVAILABILITY = YES_AGGRESSIVE;
				CLANG_WARN_UNREACHABLE_CODE = YES;
				CLANG_WARN__DUPLICATE_METHOD_MATCH = YES;
				COPY_PHASE_STRIP = NO;
				DEBUG_INFORMATION_FORMAT = dwarf;
				DEVELOPMENT_TEAM = QKN584YXMF;
				ENABLE_STRICT_OBJC_MSGSEND = YES;
				ENABLE_TESTABILITY = YES;
				ENABLE_USER_SCRIPT_SANDBOXING = YES;
				GCC_C_LANGUAGE_STANDARD = gnu17;
				GCC_DYNAMIC_NO_PIC = NO;
				GCC_NO_COMMON_BLOCKS = YES;
				GCC_OPTIMIZATION_LEVEL = 0;
				GCC_PREPROCESSOR_DEFINITIONS = (
					"DEBUG=1",
					"$(inherited)",
				);
				GCC_WARN_64_TO_32_BIT_CONVERSION = YES;
				GCC_WARN_ABOUT_RETURN_TYPE = YES_ERROR;
				GCC_WARN_UNDECLARED_SELECTOR = YES;
				GCC_WARN_UNINITIALIZED_AUTOS = YES_AGGRESSIVE;
				GCC_WARN_UNUSED_FUNCTION = YES;
				GCC_WARN_UNUSED_VARIABLE = YES;
				IPHONEOS_DEPLOYMENT_TARGET = 17.0;
				LOCALIZATION_PREFERS_STRING_CATALOGS = YES;
				MTL_ENABLE_DEBUG_INFO = INCLUDE_SOURCE;
				MTL_FAST_MATH = YES;
				ONLY_ACTIVE_ARCH = YES;
				SDKROOT = iphoneos;
				SWIFT_ACTIVE_COMPILATION_CONDITIONS = "DEBUG $(inherited)";
				SWIFT_OPTIMIZATION_LEVEL = "-Onone";
			};
			name = Debug;
		};
		15BD9CA12E0AE96B00AD4724 /* Release */ = {
			isa = XCBuildConfiguration;
			buildSettings = {
				ALWAYS_SEARCH_USER_PATHS = NO;
				ASSETCATALOG_COMPILER_GENERATE_SWIFT_ASSET_SYMBOL_EXTENSIONS = YES;
				CLANG_ANALYZER_NONNULL = YES;
				CLANG_ANALYZER_NUMBER_OBJECT_CONVERSION = YES_AGGRESSIVE;
				CLANG_CXX_LANGUAGE_STANDARD = "gnu++20";
				CLANG_ENABLE_MODULES = YES;
				CLANG_ENABLE_OBJC_ARC = YES;
				CLANG_ENABLE_OBJC_WEAK = YES;
				CLANG_WARN_BLOCK_CAPTURE_AUTORELEASING = YES;
				CLANG_WARN_BOOL_CONVERSION = YES;
				CLANG_WARN_COMMA = YES;
				CLANG_WARN_CONSTANT_CONVERSION = YES;
				CLANG_WARN_DEPRECATED_OBJC_IMPLEMENTATIONS = YES;
				CLANG_WARN_DIRECT_OBJC_ISA_USAGE = YES_ERROR;
				CLANG_WARN_DOCUMENTATION_COMMENTS = YES;
				CLANG_WARN_EMPTY_BODY = YES;
				CLANG_WARN_ENUM_CONVERSION = YES;
				CLANG_WARN_INFINITE_RECURSION = YES;
				CLANG_WARN_INT_CONVERSION = YES;
				CLANG_WARN_NON_LITERAL_NULL_CONVERSION = YES;
				CLANG_WARN_OBJC_IMPLICIT_RETAIN_SELF = YES;
				CLANG_WARN_OBJC_LITERAL_CONVERSION = YES;
				CLANG_WARN_OBJC_ROOT_CLASS = YES_ERROR;
				CLANG_WARN_QUOTED_INCLUDE_IN_FRAMEWORK_HEADER = YES;
				CLANG_WARN_RANGE_LOOP_ANALYSIS = YES;
				CLANG_WARN_STRICT_PROTOTYPES = YES;
				CLANG_WARN_SUSPICIOUS_MOVE = YES;
				CLANG_WARN_UNGUARDED_AVAILABILITY = YES_AGGRESSIVE;
				CLANG_WARN_UNREACHABLE_CODE = YES;
				CLANG_WARN__DUPLICATE_METHOD_MATCH = YES;
				COPY_PHASE_STRIP = NO;
				DEBUG_INFORMATION_FORMAT = "dwarf-with-dsym";
				DEVELOPMENT_TEAM = QKN584YXMF;
				ENABLE_NS_ASSERTIONS = NO;
				ENABLE_STRICT_OBJC_MSGSEND = YES;
				ENABLE_USER_SCRIPT_SANDBOXING = YES;
				GCC_C_LANGUAGE_STANDARD = gnu17;
				GCC_NO_COMMON_BLOCKS = YES;
				GCC_WARN_64_TO_32_BIT_CONVERSION = YES;
				GCC_WARN_ABOUT_RETURN_TYPE = YES_ERROR;
				GCC_WARN_UNDECLARED_SELECTOR = YES;
				GCC_WARN_UNINITIALIZED_AUTOS = YES_AGGRESSIVE;
				GCC_WARN_UNUSED_FUNCTION = YES;
				GCC_WARN_UNUSED_VARIABLE = YES;
				IPHONEOS_DEPLOYMENT_TARGET = 17.0;
				LOCALIZATION_PREFERS_STRING_CATALOGS = YES;
				MTL_ENABLE_DEBUG_INFO = NO;
				MTL_FAST_MATH = YES;
				SDKROOT = iphoneos;
				SWIFT_COMPILATION_MODE = wholemodule;
				VALIDATE_PRODUCT = YES;
			};
			name = Release;
		};
		15BD9CA32E0AE96B00AD4724 /* Debug */ = {
			isa = XCBuildConfiguration;
			buildSettings = {
				BUNDLE_LOADER = "$(TEST_HOST)";
				CODE_SIGN_STYLE = Automatic;
				CURRENT_PROJECT_VERSION = 2;
				DEVELOPMENT_TEAM = QKN584YXMF;
				GENERATE_INFOPLIST_FILE = YES;
				IPHONEOS_DEPLOYMENT_TARGET = 17.0;
				MARKETING_VERSION = 1.0;
				PRODUCT_BUNDLE_IDENTIFIER = zack.selfManagerTests;
				PRODUCT_NAME = "$(TARGET_NAME)";
				SWIFT_EMIT_LOC_STRINGS = NO;
				SWIFT_VERSION = 5.0;
				TARGETED_DEVICE_FAMILY = "1,2";
				TEST_HOST = "$(BUILT_PRODUCTS_DIR)/selfManager.app/$(BUNDLE_EXECUTABLE_FOLDER_PATH)/selfManager";
			};
			name = Debug;
		};
		15BD9CA42E0AE96B00AD4724 /* Release */ = {
			isa = XCBuildConfiguration;
			buildSettings = {
				BUNDLE_LOADER = "$(TEST_HOST)";
				CODE_SIGN_STYLE = Automatic;
				CURRENT_PROJECT_VERSION = 2;
				DEVELOPMENT_TEAM = QKN584YXMF;
				GENERATE_INFOPLIST_FILE = YES;
				IPHONEOS_DEPLOYMENT_TARGET = 17.0;
				MARKETING_VERSION = 1.0;
				PRODUCT_BUNDLE_IDENTIFIER = zack.selfManagerTests;
				PRODUCT_NAME = "$(TARGET_NAME)";
				SWIFT_EMIT_LOC_STRINGS = NO;
				SWIFT_VERSION = 5.0;
				TARGETED_DEVICE_FAMILY = "1,2";
				TEST_HOST = "$(BUILT_PRODUCTS_DIR)/selfManager.app/$(BUNDLE_EXECUTABLE_FOLDER_PATH)/selfManager";
			};
			name = Release;
		};
		15BD9CA62E0AE96B00AD4724 /* Debug */ = {
			isa = XCBuildConfiguration;
			buildSettings = {
				CODE_SIGN_STYLE = Automatic;
				CURRENT_PROJECT_VERSION = 2;
				DEVELOPMENT_TEAM = QKN584YXMF;
				GENERATE_INFOPLIST_FILE = YES;
				MARKETING_VERSION = 1.0;
				PRODUCT_BUNDLE_IDENTIFIER = zack.selfManagerUITests;
				PRODUCT_NAME = "$(TARGET_NAME)";
				SWIFT_EMIT_LOC_STRINGS = NO;
				SWIFT_VERSION = 5.0;
				TARGETED_DEVICE_FAMILY = "1,2";
				TEST_TARGET_NAME = selfManager;
			};
			name = Debug;
		};
		15BD9CA72E0AE96B00AD4724 /* Release */ = {
			isa = XCBuildConfiguration;
			buildSettings = {
				CODE_SIGN_STYLE = Automatic;
				CURRENT_PROJECT_VERSION = 2;
				DEVELOPMENT_TEAM = QKN584YXMF;
				GENERATE_INFOPLIST_FILE = YES;
				MARKETING_VERSION = 1.0;
				PRODUCT_BUNDLE_IDENTIFIER = zack.selfManagerUITests;
				PRODUCT_NAME = "$(TARGET_NAME)";
				SWIFT_EMIT_LOC_STRINGS = NO;
				SWIFT_VERSION = 5.0;
				TARGETED_DEVICE_FAMILY = "1,2";
				TEST_TARGET_NAME = selfManager;
			};
			name = Release;
		};
		15E001072E0B106000ABCDEF /* Debug */ = {
			isa = XCBuildConfiguration;
			buildSettings = {
				CODE_SIGN_ENTITLEMENTS = selfManager/Widgets/CoreWidgets.entitlements;
				CODE_SIGN_STYLE = Automatic;
				CURRENT_PROJECT_VERSION = 2;
				DEVELOPMENT_TEAM = QKN584YXMF;
				DONT_GENERATE_INFOPLIST_FILE = YES;
				GENERATE_INFOPLIST_FILE = NO;
				INFOPLIST_FILE = selfManager/Widgets/Info.plist;
				IPHONEOS_DEPLOYMENT_TARGET = 17.0;
				LD_RUNPATH_SEARCH_PATHS = (
					"$(inherited)",
					"@executable_path/Frameworks",
					"@executable_path/../../Frameworks",
				);
				MARKETING_VERSION = 1.1;
				PRODUCT_BUNDLE_IDENTIFIER = zack.selfManager.CoreWidgets;
				PRODUCT_NAME = "$(TARGET_NAME)";
				SKIP_INSTALL = YES;
				SWIFT_VERSION = 5.0;
			};
			name = Debug;
		};
		15E001082E0B106000ABCDEF /* Release */ = {
			isa = XCBuildConfiguration;
			buildSettings = {
				CODE_SIGN_ENTITLEMENTS = selfManager/Widgets/CoreWidgets.entitlements;
				CODE_SIGN_STYLE = Automatic;
				CURRENT_PROJECT_VERSION = 2;
				DEVELOPMENT_TEAM = QKN584YXMF;
				DONT_GENERATE_INFOPLIST_FILE = YES;
				GENERATE_INFOPLIST_FILE = NO;
				INFOPLIST_FILE = selfManager/Widgets/Info.plist;
				IPHONEOS_DEPLOYMENT_TARGET = 17.0;
				LD_RUNPATH_SEARCH_PATHS = (
					"$(inherited)",
					"@executable_path/Frameworks",
					"@executable_path/../../Frameworks",
				);
				MARKETING_VERSION = 1.1;
				PRODUCT_BUNDLE_IDENTIFIER = zack.selfManager.CoreWidgets;
				PRODUCT_NAME = "$(TARGET_NAME)";
				SKIP_INSTALL = YES;
				SWIFT_VERSION = 5.0;
			};
			name = Release;
		};
/* End XCBuildConfiguration section */

/* Begin XCConfigurationList section */
		15BD9C742E0AE96800AD4724 /* Build configuration list for PBXProject "selfManager" */ = {
			isa = XCConfigurationList;
			buildConfigurations = (
				15BD9CA02E0AE96B00AD4724 /* Debug */,
				15BD9CA12E0AE96B00AD4724 /* Release */,
			);
			defaultConfigurationIsVisible = 0;
			defaultConfigurationName = Release;
		};
		15BD9C9D2E0AE96B00AD4724 /* Build configuration list for PBXNativeTarget "selfManager" */ = {
			isa = XCConfigurationList;
			buildConfigurations = (
				15BD9C9E2E0AE96B00AD4724 /* Debug */,
				15BD9C9F2E0AE96B00AD4724 /* Release */,
			);
			defaultConfigurationIsVisible = 0;
			defaultConfigurationName = Release;
		};
		15BD9CA22E0AE96B00AD4724 /* Build configuration list for PBXNativeTarget "selfManagerTests" */ = {
			isa = XCConfigurationList;
			buildConfigurations = (
				15BD9CA32E0AE96B00AD4724 /* Debug */,
				15BD9CA42E0AE96B00AD4724 /* Release */,
			);
			defaultConfigurationIsVisible = 0;
			defaultConfigurationName = Release;
		};
		15BD9CA52E0AE96B00AD4724 /* Build configuration list for PBXNativeTarget "selfManagerUITests" */ = {
			isa = XCConfigurationList;
			buildConfigurations = (
				15BD9CA62E0AE96B00AD4724 /* Debug */,
				15BD9CA72E0AE96B00AD4724 /* Release */,
			);
			defaultConfigurationIsVisible = 0;
			defaultConfigurationName = Release;
		};
		15E001062E0B106000ABCDEF /* Build configuration list for PBXNativeTarget "CoreWidgets" */ = {
			isa = XCConfigurationList;
			buildConfigurations = (
				15E001072E0B106000ABCDEF /* Debug */,
				15E001082E0B106000ABCDEF /* Release */,
			);
			defaultConfigurationIsVisible = 0;
			defaultConfigurationName = Release;
		};
/* End XCConfigurationList section */
	};
	rootObject = 15BD9C712E0AE96800AD4724 /* Project object */;
}
